
Microsoft Visual Studio Solution File, Format Version 12.00
# Visual Studio Version 17
VisualStudioVersion = 17.14.36511.14 d17.14
MinimumVisualStudioVersion = 10.0.40219.1
Project("{FAE04EC0-301F-11D3-BF4B-00C04F79EFBC}") = "class11", "class11\class11.csproj", "{F4FCEEF3-F3DB-465A-9DDA-B23BFC56799D}"
EndProject
Global
	GlobalSection(SolutionConfigurationPlatforms) = preSolution
		Debug|Any CPU = Debug|Any CPU
		Release|Any CPU = Release|Any CPU
	EndGlobalSection
	GlobalSection(ProjectConfigurationPlatforms) = postSolution
		{F4FCEEF3-F3DB-465A-9DDA-B23BFC56799D}.Debug|Any CPU.ActiveCfg = Debug|Any CPU
		{F4FCEEF3-F3DB-465A-9DDA-B23BFC56799D}.Debug|Any CPU.Build.0 = Debug|Any CPU
		{F4FCEEF3-F3DB-465A-9DDA-B23BFC56799D}.Release|Any CPU.ActiveCfg = Release|Any CPU
		{F4FCEEF3-F3DB-465A-9DDA-B23BFC56799D}.Release|Any CPU.Build.0 = Release|Any CPU
	EndGlobalSection
	GlobalSection(SolutionProperties) = preSolution
		HideSolutionNode = FALSE
	EndGlobalSection
	GlobalSection(ExtensibilityGlobals) = postSolution
		SolutionGuid = {454D33F6-0B55-4BF3-9F8B-0D221F79C310}
	EndGlobalSection
EndGlobal
